// !$*UTF8*$!
{
	archiveVersion = 1;
	classes = {
	};
	objectVersion = 55;
	objects = {

/* Begin PBXBuildFile section */
		D18859FA278D14DE0087C510 /* AppDelegate.swift in Sources */ = {isa = PBXBuildFile; fileRef = D18859F9278D14DE0087C510 /* AppDelegate.swift */; };
		D18859FC278D14DE0087C510 /* SceneDelegate.swift in Sources */ = {isa = PBXBuildFile; fileRef = D18859FB278D14DE0087C510 /* SceneDelegate.swift */; };
		D18859FE278D14DE0087C510 /* ViewController.swift in Sources */ = {isa = PBXBuildFile; fileRef = D18859FD278D14DE0087C510 /* ViewController.swift */; };
		D1885A01278D14DE0087C510 /* Main.storyboard in Resources */ = {isa = PBXBuildFile; fileRef = D18859FF278D14DE0087C510 /* Main.storyboard */; };
		D1885A06278D14E00087C510 /* Assets.xcassets in Resources */ = {isa = PBXBuildFile; fileRef = D1885A05278D14E00087C510 /* Assets.xcassets */; };
		D1885A09278D14E00087C510 /* LaunchScreen.storyboard in Resources */ = {isa = PBXBuildFile; fileRef = D1885A07278D14E00087C510 /* LaunchScreen.storyboard */; };
		D1885A14278D14E10087C510 /* ARPaperTests.swift in Sources */ = {isa = PBXBuildFile; fileRef = D1885A13278D14E10087C510 /* ARPaperTests.swift */; };
		D1885A1E278D14E10087C510 /* ARPaperUITests.swift in Sources */ = {isa = PBXBuildFile; fileRef = D1885A1D278D14E10087C510 /* ARPaperUITests.swift */; };
		D1885A20278D14E10087C510 /* ARPaperUITestsLaunchTests.swift in Sources */ = {isa = PBXBuildFile; fileRef = D1885A1F278D14E10087C510 /* ARPaperUITestsLaunchTests.swift */; };
		D1885A2E278D19D40087C510 /* ViewController+AR.swift in Sources */ = {isa = PBXBuildFile; fileRef = D1885A2D278D19D40087C510 /* ViewController+AR.swift */; };
		D1885A30278D1AD40087C510 /* Vision.swift in Sources */ = {isa = PBXBuildFile; fileRef = D1885A2F278D1AD30087C510 /* Vision.swift */; };
		D1885A35278D23490087C510 /* SceneView.swift in Sources */ = {isa = PBXBuildFile; fileRef = D1885A34278D23490087C510 /* SceneView.swift */; };
		D1885A37278D265D0087C510 /* RectangleView.swift in Sources */ = {isa = PBXBuildFile; fileRef = D1885A36278D265D0087C510 /* RectangleView.swift */; };
		D1885A3D278E195B0087C510 /* Rectangle.swift in Sources */ = {isa = PBXBuildFile; fileRef = D1885A3C278E195B0087C510 /* Rectangle.swift */; };
		D1885A3F278E25E90087C510 /* Vector3.swift in Sources */ = {isa = PBXBuildFile; fileRef = D1885A3E278E25E90087C510 /* Vector3.swift */; };
		D1885A44278E3BD60087C510 /* ViewController+Screenshot.swift in Sources */ = {isa = PBXBuildFile; fileRef = D1885A43278E3BD60087C510 /* ViewController+Screenshot.swift */; };
/* End PBXBuildFile section */

/* Begin PBXContainerItemProxy section */
		D1885A10278D14E10087C510 /* PBXContainerItemProxy */ = {
			isa = PBXContainerItemProxy;
			containerPortal = D18859EE278D14DE0087C510 /* Project object */;
			proxyType = 1;
			remoteGlobalIDString = D18859F5278D14DE0087C510;
			remoteInfo = ARPaper;
		};
		D1885A1A278D14E10087C510 /* PBXContainerItemProxy */ = {
			isa = PBXContainerItemProxy;
			containerPortal = D18859EE278D14DE0087C510 /* Project object */;
			proxyType = 1;
			remoteGlobalIDString = D18859F5278D14DE0087C510;
			remoteInfo = ARPaper;
		};
/* End PBXContainerItemProxy section */

/* Begin PBXFileReference section */
		D18859F6278D14DE0087C510 /* ARPaper.app */ = {isa = PBXFileReference; explicitFileType = wrapper.application; includeInIndex = 0; path = ARPaper.app; sourceTree = BUILT_PRODUCTS_DIR; };
		D18859F9278D14DE0087C510 /* AppDelegate.swift */ = {isa = PBXFileReference; lastKnownFileType = sourcecode.swift; path = AppDelegate.swift; sourceTree = "<group>"; };
		D18859FB278D14DE0087C510 /* SceneDelegate.swift */ = {isa = PBXFileReference; lastKnownFileType = sourcecode.swift; path = SceneDelegate.swift; sourceTree = "<group>"; };
		D18859FD278D14DE0087C510 /* ViewController.swift */ = {isa = PBXFileReference; lastKnownFileType = sourcecode.swift; path = ViewController.swift; sourceTree = "<group>"; };
		D1885A00278D14DE0087C510 /* Base */ = {isa = PBXFileReference; lastKnownFileType = file.storyboard; name = Base; path = Base.lproj/Main.storyboard; sourceTree = "<group>"; };
		D1885A05278D14E00087C510 /* Assets.xcassets */ = {isa = PBXFileReference; lastKnownFileType = folder.assetcatalog; path = Assets.xcassets; sourceTree = "<group>"; };
		D1885A08278D14E00087C510 /* Base */ = {isa = PBXFileReference; lastKnownFileType = file.storyboard; name = Base; path = Base.lproj/LaunchScreen.storyboard; sourceTree = "<group>"; };
		D1885A0A278D14E00087C510 /* Info.plist */ = {isa = PBXFileReference; lastKnownFileType = text.plist.xml; path = Info.plist; sourceTree = "<group>"; };
		D1885A0F278D14E10087C510 /* ARPaperTests.xctest */ = {isa = PBXFileReference; explicitFileType = wrapper.cfbundle; includeInIndex = 0; path = ARPaperTests.xctest; sourceTree = BUILT_PRODUCTS_DIR; };
		D1885A13278D14E10087C510 /* ARPaperTests.swift */ = {isa = PBXFileReference; lastKnownFileType = sourcecode.swift; path = ARPaperTests.swift; sourceTree = "<group>"; };
		D1885A19278D14E10087C510 /* ARPaperUITests.xctest */ = {isa = PBXFileReference; explicitFileType = wrapper.cfbundle; includeInIndex = 0; path = ARPaperUITests.xctest; sourceTree = BUILT_PRODUCTS_DIR; };
		D1885A1D278D14E10087C510 /* ARPaperUITests.swift */ = {isa = PBXFileReference; lastKnownFileType = sourcecode.swift; path = ARPaperUITests.swift; sourceTree = "<group>"; };
		D1885A1F278D14E10087C510 /* ARPaperUITestsLaunchTests.swift */ = {isa = PBXFileReference; lastKnownFileType = sourcecode.swift; path = ARPaperUITestsLaunchTests.swift; sourceTree = "<group>"; };
		D1885A2D278D19D40087C510 /* ViewController+AR.swift */ = {isa = PBXFileReference; lastKnownFileType = sourcecode.swift; path = "ViewController+AR.swift"; sourceTree = "<group>"; };
		D1885A2F278D1AD30087C510 /* Vision.swift */ = {isa = PBXFileReference; lastKnownFileType = sourcecode.swift; path = Vision.swift; sourceTree = "<group>"; };
		D1885A34278D23490087C510 /* SceneView.swift */ = {isa = PBXFileReference; lastKnownFileType = sourcecode.swift; path = SceneView.swift; sourceTree = "<group>"; };
		D1885A36278D265D0087C510 /* RectangleView.swift */ = {isa = PBXFileReference; lastKnownFileType = sourcecode.swift; path = RectangleView.swift; sourceTree = "<group>"; };
		D1885A3C278E195B0087C510 /* Rectangle.swift */ = {isa = PBXFileReference; lastKnownFileType = sourcecode.swift; path = Rectangle.swift; sourceTree = "<group>"; };
		D1885A3E278E25E90087C510 /* Vector3.swift */ = {isa = PBXFileReference; lastKnownFileType = sourcecode.swift; path = Vector3.swift; sourceTree = "<group>"; };
		D1885A43278E3BD60087C510 /* ViewController+Screenshot.swift */ = {isa = PBXFileReference; lastKnownFileType = sourcecode.swift; path = "ViewController+Screenshot.swift"; sourceTree = "<group>"; };
/* End PBXFileReference section */

/* Begin PBXFrameworksBuildPhase section */
		D18859F3278D14DE0087C510 /* Frameworks */ = {
			isa = PBXFrameworksBuildPhase;
			buildActionMask = 2147483647;
			files = (
			);
			runOnlyForDeploymentPostprocessing = 0;
		};
		D1885A0C278D14E10087C510 /* Frameworks */ = {
			isa = PBXFrameworksBuildPhase;
			buildActionMask = 2147483647;
			files = (
			);
			runOnlyForDeploymentPostprocessing = 0;
		};
		D1885A16278D14E10087C510 /* Frameworks */ = {
			isa = PBXFrameworksBuildPhase;
			buildActionMask = 2147483647;
			files = (
			);
			runOnlyForDeploymentPostprocessing = 0;
		};
/* End PBXFrameworksBuildPhase section */

/* Begin PBXGroup section */
		D18859ED278D14DE0087C510 = {
			isa = PBXGroup;
			children = (
				D18859F8278D14DE0087C510 /* ARPaper */,
				D1885A12278D14E10087C510 /* ARPaperTests */,
				D1885A1C278D14E10087C510 /* ARPaperUITests */,
				D18859F7278D14DE0087C510 /* Products */,
			);
			sourceTree = "<group>";
		};
		D18859F7278D14DE0087C510 /* Products */ = {
			isa = PBXGroup;
			children = (
				D18859F6278D14DE0087C510 /* ARPaper.app */,
				D1885A0F278D14E10087C510 /* ARPaperTests.xctest */,
				D1885A19278D14E10087C510 /* ARPaperUITests.xctest */,
			);
			name = Products;
			sourceTree = "<group>";
		};
		D18859F8278D14DE0087C510 /* ARPaper */ = {
			isa = PBXGroup;
			children = (
				D1885A49278E4C770087C510 /* ViewController */,
				D1885A2C278D19C60087C510 /* AR */,
				D18859F9278D14DE0087C510 /* AppDelegate.swift */,
				D18859FB278D14DE0087C510 /* SceneDelegate.swift */,
				D18859FF278D14DE0087C510 /* Main.storyboard */,
				D1885A05278D14E00087C510 /* Assets.xcassets */,
				D1885A07278D14E00087C510 /* LaunchScreen.storyboard */,
				D1885A0A278D14E00087C510 /* Info.plist */,
			);
			path = ARPaper;
			sourceTree = "<group>";
		};
		D1885A12278D14E10087C510 /* ARPaperTests */ = {
			isa = PBXGroup;
			children = (
				D1885A13278D14E10087C510 /* ARPaperTests.swift */,
			);
			path = ARPaperTests;
			sourceTree = "<group>";
		};
		D1885A1C278D14E10087C510 /* ARPaperUITests */ = {
			isa = PBXGroup;
			children = (
				D1885A1D278D14E10087C510 /* ARPaperUITests.swift */,
				D1885A1F278D14E10087C510 /* ARPaperUITestsLaunchTests.swift */,
			);
			path = ARPaperUITests;
			sourceTree = "<group>";
		};
		D1885A2C278D19C60087C510 /* AR */ = {
			isa = PBXGroup;
			children = (
				D1885A33278D232A0087C510 /* Utils */,
				D1885A40278E29280087C510 /* Rectangle */,
				D1885A2F278D1AD30087C510 /* Vision.swift */,
				D1885A2D278D19D40087C510 /* ViewController+AR.swift */,
			);
			path = AR;
			sourceTree = "<group>";
		};
		D1885A33278D232A0087C510 /* Utils */ = {
			isa = PBXGroup;
			children = (
				D1885A34278D23490087C510 /* SceneView.swift */,
				D1885A3E278E25E90087C510 /* Vector3.swift */,
			);
			path = Utils;
			sourceTree = "<group>";
		};
		D1885A40278E29280087C510 /* Rectangle */ = {
			isa = PBXGroup;
			children = (
				D1885A3C278E195B0087C510 /* Rectangle.swift */,
				D1885A36278D265D0087C510 /* RectangleView.swift */,
			);
			path = Rectangle;
			sourceTree = "<group>";
		};
		D1885A49278E4C770087C510 /* ViewController */ = {
			isa = PBXGroup;
			children = (
				D18859FD278D14DE0087C510 /* ViewController.swift */,
				D1885A43278E3BD60087C510 /* ViewController+Screenshot.swift */,
			);
			path = ViewController;
			sourceTree = "<group>";
		};
/* End PBXGroup section */

/* Begin PBXNativeTarget section */
		D18859F5278D14DE0087C510 /* ARPaper */ = {
			isa = PBXNativeTarget;
			buildConfigurationList = D1885A23278D14E10087C510 /* Build configuration list for PBXNativeTarget "ARPaper" */;
			buildPhases = (
				D18859F2278D14DE0087C510 /* Sources */,
				D18859F3278D14DE0087C510 /* Frameworks */,
				D18859F4278D14DE0087C510 /* Resources */,
			);
			buildRules = (
			);
			dependencies = (
			);
			name = ARPaper;
			productName = ARPaper;
			productReference = D18859F6278D14DE0087C510 /* ARPaper.app */;
			productType = "com.apple.product-type.application";
		};
		D1885A0E278D14E10087C510 /* ARPaperTests */ = {
			isa = PBXNativeTarget;
			buildConfigurationList = D1885A26278D14E10087C510 /* Build configuration list for PBXNativeTarget "ARPaperTests" */;
			buildPhases = (
				D1885A0B278D14E10087C510 /* Sources */,
				D1885A0C278D14E10087C510 /* Frameworks */,
				D1885A0D278D14E10087C510 /* Resources */,
			);
			buildRules = (
			);
			dependencies = (
				D1885A11278D14E10087C510 /* PBXTargetDependency */,
			);
			name = ARPaperTests;
			productName = ARPaperTests;
			productReference = D1885A0F278D14E10087C510 /* ARPaperTests.xctest */;
			productType = "com.apple.product-type.bundle.unit-test";
		};
		D1885A18278D14E10087C510 /* ARPaperUITests */ = {
			isa = PBXNativeTarget;
			buildConfigurationList = D1885A29278D14E10087C510 /* Build configuration list for PBXNativeTarget "ARPaperUITests" */;
			buildPhases = (
				D1885A15278D14E10087C510 /* Sources */,
				D1885A16278D14E10087C510 /* Frameworks */,
				D1885A17278D14E10087C510 /* Resources */,
			);
			buildRules = (
			);
			dependencies = (
				D1885A1B278D14E10087C510 /* PBXTargetDependency */,
			);
			name = ARPaperUITests;
			productName = ARPaperUITests;
			productReference = D1885A19278D14E10087C510 /* ARPaperUITests.xctest */;
			productType = "com.apple.product-type.bundle.ui-testing";
		};
/* End PBXNativeTarget section */

/* Begin PBXProject section */
		D18859EE278D14DE0087C510 /* Project object */ = {
			isa = PBXProject;
			attributes = {
				BuildIndependentTargetsInParallel = 1;
				LastSwiftUpdateCheck = 1320;
				LastUpgradeCheck = 1320;
				TargetAttributes = {
					D18859F5278D14DE0087C510 = {
						CreatedOnToolsVersion = 13.2.1;
					};
					D1885A0E278D14E10087C510 = {
						CreatedOnToolsVersion = 13.2.1;
						TestTargetID = D18859F5278D14DE0087C510;
					};
					D1885A18278D14E10087C510 = {
						CreatedOnToolsVersion = 13.2.1;
						TestTargetID = D18859F5278D14DE0087C510;
					};
				};
			};
			buildConfigurationList = D18859F1278D14DE0087C510 /* Build configuration list for PBXProject "ARPaper" */;
			compatibilityVersion = "Xcode 13.0";
			developmentRegion = en;
			hasScannedForEncodings = 0;
			knownRegions = (
				en,
				Base,
			);
			mainGroup = D18859ED278D14DE0087C510;
			productRefGroup = D18859F7278D14DE0087C510 /* Products */;
			projectDirPath = "";
			projectRoot = "";
			targets = (
				D18859F5278D14DE0087C510 /* ARPaper */,
				D1885A0E278D14E10087C510 /* ARPaperTests */,
				D1885A18278D14E10087C510 /* ARPaperUITests */,
			);
		};
/* End PBXProject section */

/* Begin PBXResourcesBuildPhase section */
		D18859F4278D14DE0087C510 /* Resources */ = {
			isa = PBXResourcesBuildPhase;
			buildActionMask = 2147483647;
			files = (
				D1885A09278D14E00087C510 /* LaunchScreen.storyboard in Resources */,
				D1885A06278D14E00087C510 /* Assets.xcassets in Resources */,
				D1885A01278D14DE0087C510 /* Main.storyboard in Resources */,
			);
			runOnlyForDeploymentPostprocessing = 0;
		};
		D1885A0D278D14E10087C510 /* Resources */ = {
			isa = PBXResourcesBuildPhase;
			buildActionMask = 2147483647;
			files = (
			);
			runOnlyForDeploymentPostprocessing = 0;
		};
		D1885A17278D14E10087C510 /* Resources */ = {
			isa = PBXResourcesBuildPhase;
			buildActionMask = 2147483647;
			files = (
			);
			runOnlyForDeploymentPostprocessing = 0;
		};
/* End PBXResourcesBuildPhase section */

/* Begin PBXSourcesBuildPhase section */
		D18859F2278D14DE0087C510 /* Sources */ = {
			isa = PBXSourcesBuildPhase;
			buildActionMask = 2147483647;
			files = (
				D18859FE278D14DE0087C510 /* ViewController.swift in Sources */,
				D18859FA278D14DE0087C510 /* AppDelegate.swift in Sources */,
				D18859FC278D14DE0087C510 /* SceneDelegate.swift in Sources */,
				D1885A3D278E195B0087C510 /* Rectangle.swift in Sources */,
				D1885A35278D23490087C510 /* SceneView.swift in Sources */,
				D1885A30278D1AD40087C510 /* Vision.swift in Sources */,
				D1885A37278D265D0087C510 /* RectangleView.swift in Sources */,
				D1885A3F278E25E90087C510 /* Vector3.swift in Sources */,
				D1885A2E278D19D40087C510 /* ViewController+AR.swift in Sources */,
				D1885A44278E3BD60087C510 /* ViewController+Screenshot.swift in Sources */,
			);
			runOnlyForDeploymentPostprocessing = 0;
		};
		D1885A0B278D14E10087C510 /* Sources */ = {
			isa = PBXSourcesBuildPhase;
			buildActionMask = 2147483647;
			files = (
				D1885A14278D14E10087C510 /* ARPaperTests.swift in Sources */,
			);
			runOnlyForDeploymentPostprocessing = 0;
		};
		D1885A15278D14E10087C510 /* Sources */ = {
			isa = PBXSourcesBuildPhase;
			buildActionMask = 2147483647;
			files = (
				D1885A20278D14E10087C510 /* ARPaperUITestsLaunchTests.swift in Sources */,
				D1885A1E278D14E10087C510 /* ARPaperUITests.swift in Sources */,
			);
			runOnlyForDeploymentPostprocessing = 0;
		};
/* End PBXSourcesBuildPhase section */

/* Begin PBXTargetDependency section */
		D1885A11278D14E10087C510 /* PBXTargetDependency */ = {
			isa = PBXTargetDependency;
			target = D18859F5278D14DE0087C510 /* ARPaper */;
			targetProxy = D1885A10278D14E10087C510 /* PBXContainerItemProxy */;
		};
		D1885A1B278D14E10087C510 /* PBXTargetDependency */ = {
			isa = PBXTargetDependency;
			target = D18859F5278D14DE0087C510 /* ARPaper */;
			targetProxy = D1885A1A278D14E10087C510 /* PBXContainerItemProxy */;
		};
/* End PBXTargetDependency section */

/* Begin PBXVariantGroup section */
		D18859FF278D14DE0087C510 /* Main.storyboard */ = {
			isa = PBXVariantGroup;
			children = (
				D1885A00278D14DE0087C510 /* Base */,
			);
			name = Main.storyboard;
			sourceTree = "<group>";
		};
		D1885A07278D14E00087C510 /* LaunchScreen.storyboard */ = {
			isa = PBXVariantGroup;
			children = (
				D1885A08278D14E00087C510 /* Base */,
			);
			name = LaunchScreen.storyboard;
			sourceTree = "<group>";
		};
/* End PBXVariantGroup section */

/* Begin XCBuildConfiguration section */
		D1885A21278D14E10087C510 /* Debug */ = {
			isa = XCBuildConfiguration;
			buildSettings = {
				ALWAYS_SEARCH_USER_PATHS = NO;
				CLANG_ANALYZER_NONNULL = YES;
				CLANG_ANALYZER_NUMBER_OBJECT_CONVERSION = YES_AGGRESSIVE;
				CLANG_CXX_LANGUAGE_STANDARD = "gnu++17";
				CLANG_CXX_LIBRARY = "libc++";
				CLANG_ENABLE_MODULES = YES;
				CLANG_ENABLE_OBJC_ARC = YES;
				CLANG_ENABLE_OBJC_WEAK = YES;
				CLANG_WARN_BLOCK_CAPTURE_AUTORELEASING = YES;
				CLANG_WARN_BOOL_CONVERSION = YES;
				CLANG_WARN_COMMA = YES;
				CLANG_WARN_CONSTANT_CONVERSION = YES;
				CLANG_WARN_DEPRECATED_OBJC_IMPLEMENTATIONS = YES;
				CLANG_WARN_DIRECT_OBJC_ISA_USAGE = YES_ERROR;
				CLANG_WARN_DOCUMENTATION_COMMENTS = YES;
				CLANG_WARN_EMPTY_BODY = YES;
				CLANG_WARN_ENUM_CONVERSION = YES;
				CLANG_WARN_INFINITE_RECURSION = YES;
				CLANG_WARN_INT_CONVERSION = YES;
				CLANG_WARN_NON_LITERAL_NULL_CONVERSION = YES;
				CLANG_WARN_OBJC_IMPLICIT_RETAIN_SELF = YES;
				CLANG_WARN_OBJC_LITERAL_CONVERSION = YES;
				CLANG_WARN_OBJC_ROOT_CLASS = YES_ERROR;
				CLANG_WARN_QUOTED_INCLUDE_IN_FRAMEWORK_HEADER = YES;
				CLANG_WARN_RANGE_LOOP_ANALYSIS = YES;
				CLANG_WARN_STRICT_PROTOTYPES = YES;
				CLANG_WARN_SUSPICIOUS_MOVE = YES;
				CLANG_WARN_UNGUARDED_AVAILABILITY = YES_AGGRESSIVE;
				CLANG_WARN_UNREACHABLE_CODE = YES;
				CLANG_WARN__DUPLICATE_METHOD_MATCH = YES;
				COPY_PHASE_STRIP = NO;
				DEBUG_INFORMATION_FORMAT = dwarf;
				ENABLE_STRICT_OBJC_MSGSEND = YES;
				ENABLE_TESTABILITY = YES;
				GCC_C_LANGUAGE_STANDARD = gnu11;
				GCC_DYNAMIC_NO_PIC = NO;
				GCC_NO_COMMON_BLOCKS = YES;
				GCC_OPTIMIZATION_LEVEL = 0;
				GCC_PREPROCESSOR_DEFINITIONS = (
					"DEBUG=1",
					"$(inherited)",
				);
				GCC_WARN_64_TO_32_BIT_CONVERSION = YES;
				GCC_WARN_ABOUT_RETURN_TYPE = YES_ERROR;
				GCC_WARN_UNDECLARED_SELECTOR = YES;
				GCC_WARN_UNINITIALIZED_AUTOS = YES_AGGRESSIVE;
				GCC_WARN_UNUSED_FUNCTION = YES;
				GCC_WARN_UNUSED_VARIABLE = YES;
				IPHONEOS_DEPLOYMENT_TARGET = 15.2;
				MTL_ENABLE_DEBUG_INFO = INCLUDE_SOURCE;
				MTL_FAST_MATH = YES;
				ONLY_ACTIVE_ARCH = YES;
				SDKROOT = iphoneos;
				SWIFT_ACTIVE_COMPILATION_CONDITIONS = DEBUG;
				SWIFT_OPTIMIZATION_LEVEL = "-Onone";
			};
			name = Debug;
		};
		D1885A22278D14E10087C510 /* Release */ = {
			isa = XCBuildConfiguration;
			buildSettings = {
				ALWAYS_SEARCH_USER_PATHS = NO;
				CLANG_ANALYZER_NONNULL = YES;
				CLANG_ANALYZER_NUMBER_OBJECT_CONVERSION = YES_AGGRESSIVE;
				CLANG_CXX_LANGUAGE_STANDARD = "gnu++17";
				CLANG_CXX_LIBRARY = "libc++";
				CLANG_ENABLE_MODULES = YES;
				CLANG_ENABLE_OBJC_ARC = YES;
				CLANG_ENABLE_OBJC_WEAK = YES;
				CLANG_WARN_BLOCK_CAPTURE_AUTORELEASING = YES;
				CLANG_WARN_BOOL_CONVERSION = YES;
				CLANG_WARN_COMMA = YES;
				CLANG_WARN_CONSTANT_CONVERSION = YES;
				CLANG_WARN_DEPRECATED_OBJC_IMPLEMENTATIONS = YES;
				CLANG_WARN_DIRECT_OBJC_ISA_USAGE = YES_ERROR;
				CLANG_WARN_DOCUMENTATION_COMMENTS = YES;
				CLANG_WARN_EMPTY_BODY = YES;
				CLANG_WARN_ENUM_CONVERSION = YES;
				CLANG_WARN_INFINITE_RECURSION = YES;
				CLANG_WARN_INT_CONVERSION = YES;
				CLANG_WARN_NON_LITERAL_NULL_CONVERSION = YES;
				CLANG_WARN_OBJC_IMPLICIT_RETAIN_SELF = YES;
				CLANG_WARN_OBJC_LITERAL_CONVERSION = YES;
				CLANG_WARN_OBJC_ROOT_CLASS = YES_ERROR;
				CLANG_WARN_QUOTED_INCLUDE_IN_FRAMEWORK_HEADER = YES;
				CLANG_WARN_RANGE_LOOP_ANALYSIS = YES;
				CLANG_WARN_STRICT_PROTOTYPES = YES;
				CLANG_WARN_SUSPICIOUS_MOVE = YES;
				CLANG_WARN_UNGUARDED_AVAILABILITY = YES_AGGRESSIVE;
				CLANG_WARN_UNREACHABLE_CODE = YES;
				CLANG_WARN__DUPLICATE_METHOD_MATCH = YES;
				COPY_PHASE_STRIP = NO;
				DEBUG_INFORMATION_FORMAT = "dwarf-with-dsym";
				ENABLE_NS_ASSERTIONS = NO;
				ENABLE_STRICT_OBJC_MSGSEND = YES;
				GCC_C_LANGUAGE_STANDARD = gnu11;
				GCC_NO_COMMON_BLOCKS = YES;
				GCC_WARN_64_TO_32_BIT_CONVERSION = YES;
				GCC_WARN_ABOUT_RETURN_TYPE = YES_ERROR;
				GCC_WARN_UNDECLARED_SELECTOR = YES;
				GCC_WARN_UNINITIALIZED_AUTOS = YES_AGGRESSIVE;
				GCC_WARN_UNUSED_FUNCTION = YES;
				GCC_WARN_UNUSED_VARIABLE = YES;
				IPHONEOS_DEPLOYMENT_TARGET = 15.2;
				MTL_ENABLE_DEBUG_INFO = NO;
				MTL_FAST_MATH = YES;
				SDKROOT = iphoneos;
				SWIFT_COMPILATION_MODE = wholemodule;
				SWIFT_OPTIMIZATION_LEVEL = "-O";
				VALIDATE_PRODUCT = YES;
			};
			name = Release;
		};
		D1885A24278D14E10087C510 /* Debug */ = {
			isa = XCBuildConfiguration;
			buildSettings = {
				ASSETCATALOG_COMPILER_APPICON_NAME = AppIcon;
				ASSETCATALOG_COMPILER_GLOBAL_ACCENT_COLOR_NAME = AccentColor;
				CODE_SIGN_STYLE = Automatic;
				CURRENT_PROJECT_VERSION = 1;
				DEVELOPMENT_TEAM = D38YBSN66M;
				GENERATE_INFOPLIST_FILE = YES;
				INFOPLIST_FILE = ARPaper/Info.plist;
				INFOPLIST_KEY_NSCameraUsageDescription = "AR Testing";
				INFOPLIST_KEY_NSPhotoLibraryAddUsageDescription = "Screenshot Saving";
				INFOPLIST_KEY_UIApplicationSupportsIndirectInputEvents = YES;
				INFOPLIST_KEY_UILaunchStoryboardName = LaunchScreen;
				INFOPLIST_KEY_UIMainStoryboardFile = Main;
				INFOPLIST_KEY_UISupportedInterfaceOrientations_iPad = "UIInterfaceOrientationPortrait UIInterfaceOrientationPortraitUpsideDown UIInterfaceOrientationLandscapeLeft UIInterfaceOrientationLandscapeRight";
				INFOPLIST_KEY_UISupportedInterfaceOrientations_iPhone = "UIInterfaceOrientationPortrait UIInterfaceOrientationLandscapeLeft UIInterfaceOrientationLandscapeRight";
				LD_RUNPATH_SEARCH_PATHS = (
					"$(inherited)",
					"@executable_path/Frameworks",
				);
				MARKETING_VERSION = 1.0;
				PRODUCT_BUNDLE_IDENTIFIER = imvolute.ARPaper;
				PRODUCT_NAME = "$(TARGET_NAME)";
				SWIFT_EMIT_LOC_STRINGS = YES;
				SWIFT_VERSION = 5.0;
				TARGETED_DEVICE_FAMILY = "1,2";
			};
			name = Debug;
		};
		D1885A25278D14E10087C510 /* Release */ = {
			isa = XCBuildConfiguration;
			buildSettings = {
				ASSETCATALOG_COMPILER_APPICON_NAME = AppIcon;
				ASSETCATALOG_COMPILER_GLOBAL_ACCENT_COLOR_NAME = AccentColor;
				CODE_SIGN_STYLE = Automatic;
				CURRENT_PROJECT_VERSION = 1;
				DEVELOPMENT_TEAM = D38YBSN66M;
				GENERATE_INFOPLIST_FILE = YES;
				INFOPLIST_FILE = ARPaper/Info.plist;
				INFOPLIST_KEY_NSCameraUsageDescription = "AR Testing";
				INFOPLIST_KEY_NSPhotoLibraryAddUsageDescription = "Screenshot Saving";
				INFOPLIST_KEY_UIApplicationSupportsIndirectInputEvents = YES;
				INFOPLIST_KEY_UILaunchStoryboardName = LaunchScreen;
				INFOPLIST_KEY_UIMainStoryboardFile = Main;
				INFOPLIST_KEY_UISupportedInterfaceOrientations_iPad = "UIInterfaceOrientationPortrait UIInterfaceOrientationPortraitUpsideDown UIInterfaceOrientationLandscapeLeft UIInterfaceOrientationLandscapeRight";
				INFOPLIST_KEY_UISupportedInterfaceOrientations_iPhone = "UIInterfaceOrientationPortrait UIInterfaceOrientationLandscapeLeft UIInterfaceOrientationLandscapeRight";
				LD_RUNPATH_SEARCH_PATHS = (
					"$(inherited)",
					"@executable_path/Frameworks",
				);
				MARKETING_VERSION = 1.0;
				PRODUCT_BUNDLE_IDENTIFIER = imvolute.ARPaper;
				PRODUCT_NAME = "$(TARGET_NAME)";
				SWIFT_EMIT_LOC_STRINGS = YES;
				SWIFT_VERSION = 5.0;
				TARGETED_DEVICE_FAMILY = "1,2";
			};
			name = Release;
		};
		D1885A27278D14E10087C510 /* Debug */ = {
			isa = XCBuildConfiguration;
			buildSettings = {
				ALWAYS_EMBED_SWIFT_STANDARD_LIBRARIES = YES;
				BUNDLE_LOADER = "$(TEST_HOST)";
				CODE_SIGN_STYLE = Automatic;
				CURRENT_PROJECT_VERSION = 1;
				DEVELOPMENT_TEAM = D38YBSN66M;
				GENERATE_INFOPLIST_FILE = YES;
				IPHONEOS_DEPLOYMENT_TARGET = 15.2;
				MARKETING_VERSION = 1.0;
				PRODUCT_BUNDLE_IDENTIFIER = imvolute.ARPaperTests;
				PRODUCT_NAME = "$(TARGET_NAME)";
				SWIFT_EMIT_LOC_STRINGS = NO;
				SWIFT_VERSION = 5.0;
				TARGETED_DEVICE_FAMILY = "1,2";
				TEST_HOST = "$(BUILT_PRODUCTS_DIR)/ARPaper.app/ARPaper";
			};
			name = Debug;
		};
		D1885A28278D14E10087C510 /* Release */ = {
			isa = XCBuildConfiguration;
			buildSettings = {
				ALWAYS_EMBED_SWIFT_STANDARD_LIBRARIES = YES;
				BUNDLE_LOADER = "$(TEST_HOST)";
				CODE_SIGN_STYLE = Automatic;
				CURRENT_PROJECT_VERSION = 1;
				DEVELOPMENT_TEAM = D38YBSN66M;
				GENERATE_INFOPLIST_FILE = YES;
				IPHONEOS_DEPLOYMENT_TARGET = 15.2;
				MARKETING_VERSION = 1.0;
				PRODUCT_BUNDLE_IDENTIFIER = imvolute.ARPaperTests;
				PRODUCT_NAME = "$(TARGET_NAME)";
				SWIFT_EMIT_LOC_STRINGS = NO;
				SWIFT_VERSION = 5.0;
				TARGETED_DEVICE_FAMILY = "1,2";
				TEST_HOST = "$(BUILT_PRODUCTS_DIR)/ARPaper.app/ARPaper";
			};
			name = Release;
		};
		D1885A2A278D14E10087C510 /* Debug */ = {
			isa = XCBuildConfiguration;
			buildSettings = {
				ALWAYS_EMBED_SWIFT_STANDARD_LIBRARIES = YES;
				CODE_SIGN_STYLE = Automatic;
				CURRENT_PROJECT_VERSION = 1;
				DEVELOPMENT_TEAM = D38YBSN66M;
				GENERATE_INFOPLIST_FILE = YES;
				MARKETING_VERSION = 1.0;
				PRODUCT_BUNDLE_IDENTIFIER = imvolute.ARPaperUITests;
				PRODUCT_NAME = "$(TARGET_NAME)";
				SWIFT_EMIT_LOC_STRINGS = NO;
				SWIFT_VERSION = 5.0;
				TARGETED_DEVICE_FAMILY = "1,2";
				TEST_TARGET_NAME = ARPaper;
			};
			name = Debug;
		};
		D1885A2B278D14E10087C510 /* Release */ = {
			isa = XCBuildConfiguration;
			buildSettings = {
				ALWAYS_EMBED_SWIFT_STANDARD_LIBRARIES = YES;
				CODE_SIGN_STYLE = Automatic;
				CURRENT_PROJECT_VERSION = 1;
				DEVELOPMENT_TEAM = D38YBSN66M;
				GENERATE_INFOPLIST_FILE = YES;
				MARKETING_VERSION = 1.0;
				PRODUCT_BUNDLE_IDENTIFIER = imvolute.ARPaperUITests;
				PRODUCT_NAME = "$(TARGET_NAME)";
				SWIFT_EMIT_LOC_STRINGS = NO;
				SWIFT_VERSION = 5.0;
				TARGETED_DEVICE_FAMILY = "1,2";
				TEST_TARGET_NAME = ARPaper;
			};
			name = Release;
		};
/* End XCBuildConfiguration section */

/* Begin XCConfigurationList section */
		D18859F1278D14DE0087C510 /* Build configuration list for PBXProject "ARPaper" */ = {
			isa = XCConfigurationList;
			buildConfigurations = (
				D1885A21278D14E10087C510 /* Debug */,
				D1885A22278D14E10087C510 /* Release */,
			);
			defaultConfigurationIsVisible = 0;
			defaultConfigurationName = Release;
		};
		D1885A23278D14E10087C510 /* Build configuration list for PBXNativeTarget "ARPaper" */ = {
			isa = XCConfigurationList;
			buildConfigurations = (
				D1885A24278D14E10087C510 /* Debug */,
				D1885A25278D14E10087C510 /* Release */,
			);
			defaultConfigurationIsVisible = 0;
			defaultConfigurationName = Release;
		};
		D1885A26278D14E10087C510 /* Build configuration list for PBXNativeTarget "ARPaperTests" */ = {
			isa = XCConfigurationList;
			buildConfigurations = (
				D1885A27278D14E10087C510 /* Debug */,
				D1885A28278D14E10087C510 /* Release */,
			);
			defaultConfigurationIsVisible = 0;
			defaultConfigurationName = Release;
		};
		D1885A29278D14E10087C510 /* Build configuration list for PBXNativeTarget "ARPaperUITests" */ = {
			isa = XCConfigurationList;
			buildConfigurations = (
				D1885A2A278D14E10087C510 /* Debug */,
				D1885A2B278D14E10087C510 /* Release */,
			);
			defaultConfigurationIsVisible = 0;
			defaultConfigurationName = Release;
		};
/* End XCConfigurationList section */
	};
	rootObject = D18859EE278D14DE0087C510 /* Project object */;
}
